
Microsoft Visual Studio Solution File, Format Version 12.00
# Visual Studio 15
VisualStudioVersion = 15.0.26228.4
MinimumVisualStudioVersion = 10.0.40219.1
Project("{FAE04EC0-301F-11D3-BF4B-00C04F79EFBC}") = "FramePack", "FramePack\FramePack.csproj", "{8C2651AC-89E0-432A-AC11-D095BF0EE0CC}"
EndProject
Project("{FAE04EC0-301F-11D3-BF4B-00C04F79EFBC}") = "VerifyPack", "VerifyPack\VerifyPack.csproj", "{D98FDC5D-AACB-402F-A263-16547EF5924A}"
EndProject
Project("{FAE04EC0-301F-11D3-BF4B-00C04F79EFBC}") = "AudioPack", "AudioPack\AudioPack.csproj", "{4CFA14F4-5DC5-400F-A17C-948CA89B8A58}"
EndProject
Project("{FAE04EC0-301F-11D3-BF4B-00C04F79EFBC}") = "VerifyAudioPack", "VerifyAudioPack\VerifyAudioPack.csproj", "{7D284FE2-867A-4864-9307-4FB5E0F2D231}"
EndProject
Project("{FAE04EC0-301F-11D3-BF4B-00C04F79EFBC}") = "FrameExtract", "FrameExtract\FrameExtract.csproj", "{FD5C2088-A7E3-411E-AEB5-9D6E640F6612}"
EndProject
Project("{FAE04EC0-301F-11D3-BF4B-00C04F79EFBC}") = "SimplePaletteQuantizer", "..\..\..\..\..\..\..\..\Programming\CS\_libraries\SimplePaletteQuantizer\SimplePaletteQuantizer.csproj", "{37812A22-91F3-4220-891E-5C26DA64A975}"
EndProject
Global
	GlobalSection(SolutionConfigurationPlatforms) = preSolution
		Debug|Any CPU = Debug|Any CPU
		Release|Any CPU = Release|Any CPU
	EndGlobalSection
	GlobalSection(ProjectConfigurationPlatforms) = postSolution
		{8C2651AC-89E0-432A-AC11-D095BF0EE0CC}.Debug|Any CPU.ActiveCfg = Debug|Any CPU
		{8C2651AC-89E0-432A-AC11-D095BF0EE0CC}.Debug|Any CPU.Build.0 = Debug|Any CPU
		{8C2651AC-89E0-432A-AC11-D095BF0EE0CC}.Release|Any CPU.ActiveCfg = Release|Any CPU
		{8C2651AC-89E0-432A-AC11-D095BF0EE0CC}.Release|Any CPU.Build.0 = Release|Any CPU
		{D98FDC5D-AACB-402F-A263-16547EF5924A}.Debug|Any CPU.ActiveCfg = Debug|Any CPU
		{D98FDC5D-AACB-402F-A263-16547EF5924A}.Debug|Any CPU.Build.0 = Debug|Any CPU
		{D98FDC5D-AACB-402F-A263-16547EF5924A}.Release|Any CPU.ActiveCfg = Release|Any CPU
		{D98FDC5D-AACB-402F-A263-16547EF5924A}.Release|Any CPU.Build.0 = Release|Any CPU
		{4CFA14F4-5DC5-400F-A17C-948CA89B8A58}.Debug|Any CPU.ActiveCfg = Debug|Any CPU
		{4CFA14F4-5DC5-400F-A17C-948CA89B8A58}.Debug|Any CPU.Build.0 = Debug|Any CPU
		{4CFA14F4-5DC5-400F-A17C-948CA89B8A58}.Release|Any CPU.ActiveCfg = Release|Any CPU
		{4CFA14F4-5DC5-400F-A17C-948CA89B8A58}.Release|Any CPU.Build.0 = Release|Any CPU
		{7D284FE2-867A-4864-9307-4FB5E0F2D231}.Debug|Any CPU.ActiveCfg = Debug|Any CPU
		{7D284FE2-867A-4864-9307-4FB5E0F2D231}.Debug|Any CPU.Build.0 = Debug|Any CPU
		{7D284FE2-867A-4864-9307-4FB5E0F2D231}.Release|Any CPU.ActiveCfg = Release|Any CPU
		{7D284FE2-867A-4864-9307-4FB5E0F2D231}.Release|Any CPU.Build.0 = Release|Any CPU
		{FD5C2088-A7E3-411E-AEB5-9D6E640F6612}.Debug|Any CPU.ActiveCfg = Debug|Any CPU
		{FD5C2088-A7E3-411E-AEB5-9D6E640F6612}.Debug|Any CPU.Build.0 = Debug|Any CPU
		{FD5C2088-A7E3-411E-AEB5-9D6E640F6612}.Release|Any CPU.ActiveCfg = Release|Any CPU
		{FD5C2088-A7E3-411E-AEB5-9D6E640F6612}.Release|Any CPU.Build.0 = Release|Any CPU
		{37812A22-91F3-4220-891E-5C26DA64A975}.Debug|Any CPU.ActiveCfg = Debug|Any CPU
		{37812A22-91F3-4220-891E-5C26DA64A975}.Debug|Any CPU.Build.0 = Debug|Any CPU
		{37812A22-91F3-4220-891E-5C26DA64A975}.Release|Any CPU.ActiveCfg = Release|Any CPU
		{37812A22-91F3-4220-891E-5C26DA64A975}.Release|Any CPU.Build.0 = Release|Any CPU
	EndGlobalSection
	GlobalSection(SolutionProperties) = preSolution
		HideSolutionNode = FALSE
	EndGlobalSection
EndGlobal
